
Microsoft Visual Studio Solution File, Format Version 12.00
# Visual Studio 15
VisualStudioVersion = 15.0.27004.2002
MinimumVisualStudioVersion = 10.0.40219.1
Project("{54435603-DBB4-11D2-8724-00A0C9A8B90C}") = "Setup1", "Setup1\Setup1.vdproj", "{64A7C9D4-3884-4668-A0E6-F80490BBB178}"
EndProject
Global
	GlobalSection(SolutionConfigurationPlatforms) = preSolution
		Debug|Default = Debug|Default
		Release|Default = Release|Default
	EndGlobalSection
	GlobalSection(ProjectConfigurationPlatforms) = postSolution
		{64A7C9D4-3884-4668-A0E6-F80490BBB178}.Debug|Default.ActiveCfg = Debug
		{64A7C9D4-3884-4668-A0E6-F80490BBB178}.Debug|Default.Build.0 = Debug
		{64A7C9D4-3884-4668-A0E6-F80490BBB178}.Release|Default.ActiveCfg = Release
		{64A7C9D4-3884-4668-A0E6-F80490BBB178}.Release|Default.Build.0 = Release
	EndGlobalSection
	GlobalSection(SolutionProperties) = preSolution
		HideSolutionNode = FALSE
	EndGlobalSection
	GlobalSection(ExtensibilityGlobals) = postSolution
		SolutionGuid = {EB8CB4C7-68CE-4D5E-BF5F-14EAA34EA4D0}
	EndGlobalSection
EndGlobal
